Microsoft Visual Studio Solution File, Format Version 12.00
# Visual Studio Version 17
VisualStudioVersion = 17.5.2.0
MinimumVisualStudioVersion = 10.0.40219.1
Project("{FAE04EC0-301F-11D3-BF4B-00C04F79EFBC}") = "C#_Basic_codealong_modellering", "C#_Basic_codealong_modellering.csproj", "{CF501684-85A5-857B-0346-335BA29E76DF}"
EndProject
Global
	GlobalSection(SolutionConfigurationPlatforms) = preSolution
		Debug|Any CPU = Debug|Any CPU
		Release|Any CPU = Release|Any CPU
	EndGlobalSection
	GlobalSection(ProjectConfigurationPlatforms) = postSolution
		{CF501684-85A5-857B-0346-335BA29E76DF}.Debug|Any CPU.ActiveCfg = Debug|Any CPU
		{CF501684-85A5-857B-0346-335BA29E76DF}.Debug|Any CPU.Build.0 = Debug|Any CPU
		{CF501684-85A5-857B-0346-335BA29E76DF}.Release|Any CPU.ActiveCfg = Release|Any CPU
		{CF501684-85A5-857B-0346-335BA29E76DF}.Release|Any CPU.Build.0 = Release|Any CPU
	EndGlobalSection
	GlobalSection(SolutionProperties) = preSolution
		HideSolutionNode = FALSE
	EndGlobalSection
	GlobalSection(ExtensibilityGlobals) = postSolution
		SolutionGuid = {54A46B20-8FA7-4357-B419-6B9EE70965C6}
	EndGlobalSection
EndGlobal
